
Microsoft Visual Studio Solution File, Format Version 12.00
# Visual Studio 15
VisualStudioVersion = 15.0.26730.16
MinimumVisualStudioVersion = 10.0.40219.1
Project("{FAE04EC0-301F-11D3-BF4B-00C04F79EFBC}") = "Compute BMI", "Compute BMI\Compute BMI.csproj", "{244F0917-F202-44D8-A129-A22522F90B76}"
EndProject
Global
	GlobalSection(SolutionConfigurationPlatforms) = preSolution
		Debug|Any CPU = Debug|Any CPU
		Release|Any CPU = Release|Any CPU
	EndGlobalSection
	GlobalSection(ProjectConfigurationPlatforms) = postSolution
		{244F0917-F202-44D8-A129-A22522F90B76}.Debug|Any CPU.ActiveCfg = Debug|Any CPU
		{244F0917-F202-44D8-A129-A22522F90B76}.Debug|Any CPU.Build.0 = Debug|Any CPU
		{244F0917-F202-44D8-A129-A22522F90B76}.Release|Any CPU.ActiveCfg = Release|Any CPU
		{244F0917-F202-44D8-A129-A22522F90B76}.Release|Any CPU.Build.0 = Release|Any CPU
	EndGlobalSection
	GlobalSection(SolutionProperties) = preSolution
		HideSolutionNode = FALSE
	EndGlobalSection
	GlobalSection(ExtensibilityGlobals) = postSolution
		SolutionGuid = {84B4F820-3704-4369-A043-829629D528DB}
	EndGlobalSection
EndGlobal
