
Microsoft Visual Studio Solution File, Format Version 12.00
# Visual Studio 15
VisualStudioVersion = 15.0.26730.16
MinimumVisualStudioVersion = 10.0.40219.1
Project("{FAE04EC0-301F-11D3-BF4B-00C04F79EFBC}") = "CS_DGVIEW_ADD_UPDATE_DELETE", "CS_DGVIEW_ADD_UPDATE_DELETE\CS_DGVIEW_ADD_UPDATE_DELETE.csproj", "{56191E3F-26CA-4D55-88AD-E343E796EE8A}"
EndProject
Global
	GlobalSection(SolutionConfigurationPlatforms) = preSolution
		Debug|Any CPU = Debug|Any CPU
		Release|Any CPU = Release|Any CPU
	EndGlobalSection
	GlobalSection(ProjectConfigurationPlatforms) = postSolution
		{56191E3F-26CA-4D55-88AD-E343E796EE8A}.Debug|Any CPU.ActiveCfg = Debug|Any CPU
		{56191E3F-26CA-4D55-88AD-E343E796EE8A}.Debug|Any CPU.Build.0 = Debug|Any CPU
		{56191E3F-26CA-4D55-88AD-E343E796EE8A}.Release|Any CPU.ActiveCfg = Release|Any CPU
		{56191E3F-26CA-4D55-88AD-E343E796EE8A}.Release|Any CPU.Build.0 = Release|Any CPU
	EndGlobalSection
	GlobalSection(SolutionProperties) = preSolution
		HideSolutionNode = FALSE
	EndGlobalSection
	GlobalSection(ExtensibilityGlobals) = postSolution
		SolutionGuid = {6DF34F74-E391-4CDC-A629-933FE0238338}
	EndGlobalSection
EndGlobal
