
Microsoft Visual Studio Solution File, Format Version 12.00
# Visual Studio 15
VisualStudioVersion = 15.0.26730.16
MinimumVisualStudioVersion = 10.0.40219.1
Project("{FAE04EC0-301F-11D3-BF4B-00C04F79EFBC}") = "Compound Interest Calculator", "Compound Interest Calculator\Compound Interest Calculator.csproj", "{BD36B9A1-CE93-44B3-8409-A72DC65BCFEF}"
EndProject
Global
	GlobalSection(SolutionConfigurationPlatforms) = preSolution
		Debug|Any CPU = Debug|Any CPU
		Release|Any CPU = Release|Any CPU
	EndGlobalSection
	GlobalSection(ProjectConfigurationPlatforms) = postSolution
		{BD36B9A1-CE93-44B3-8409-A72DC65BCFEF}.Debug|Any CPU.ActiveCfg = Debug|Any CPU
		{BD36B9A1-CE93-44B3-8409-A72DC65BCFEF}.Debug|Any CPU.Build.0 = Debug|Any CPU
		{BD36B9A1-CE93-44B3-8409-A72DC65BCFEF}.Release|Any CPU.ActiveCfg = Release|Any CPU
		{BD36B9A1-CE93-44B3-8409-A72DC65BCFEF}.Release|Any CPU.Build.0 = Release|Any CPU
	EndGlobalSection
	GlobalSection(SolutionProperties) = preSolution
		HideSolutionNode = FALSE
	EndGlobalSection
	GlobalSection(ExtensibilityGlobals) = postSolution
		SolutionGuid = {AAA4FF98-3FA2-4D09-93B1-543B199FAEFA}
	EndGlobalSection
EndGlobal
