
Microsoft Visual Studio Solution File, Format Version 12.00
# Visual Studio 15
VisualStudioVersion = 15.0.27703.2026
MinimumVisualStudioVersion = 10.0.40219.1
Project("{FAE04EC0-301F-11D3-BF4B-00C04F79EFBC}") = "RegistrationAndLogin", "RegistrationAndLogin\RegistrationAndLogin.csproj", "{800E4C93-5204-402F-8C16-0DBD395116C6}"
EndProject
Project("{FAE04EC0-301F-11D3-BF4B-00C04F79EFBC}") = "RegistrationAndLogin.Tests", "RegistrationAndLogin.Tests\RegistrationAndLogin.Tests.csproj", "{CE543F12-C929-4A38-BE22-EEF69334AEB4}"
EndProject
Global
	GlobalSection(SolutionConfigurationPlatforms) = preSolution
		Debug|Any CPU = Debug|Any CPU
		Release|Any CPU = Release|Any CPU
	EndGlobalSection
	GlobalSection(ProjectConfigurationPlatforms) = postSolution
		{800E4C93-5204-402F-8C16-0DBD395116C6}.Debug|Any CPU.ActiveCfg = Debug|Any CPU
		{800E4C93-5204-402F-8C16-0DBD395116C6}.Debug|Any CPU.Build.0 = Debug|Any CPU
		{800E4C93-5204-402F-8C16-0DBD395116C6}.Release|Any CPU.ActiveCfg = Release|Any CPU
		{800E4C93-5204-402F-8C16-0DBD395116C6}.Release|Any CPU.Build.0 = Release|Any CPU
		{CE543F12-C929-4A38-BE22-EEF69334AEB4}.Debug|Any CPU.ActiveCfg = Debug|Any CPU
		{CE543F12-C929-4A38-BE22-EEF69334AEB4}.Debug|Any CPU.Build.0 = Debug|Any CPU
		{CE543F12-C929-4A38-BE22-EEF69334AEB4}.Release|Any CPU.ActiveCfg = Release|Any CPU
		{CE543F12-C929-4A38-BE22-EEF69334AEB4}.Release|Any CPU.Build.0 = Release|Any CPU
	EndGlobalSection
	GlobalSection(SolutionProperties) = preSolution
		HideSolutionNode = FALSE
	EndGlobalSection
	GlobalSection(ExtensibilityGlobals) = postSolution
		SolutionGuid = {0F096C0B-1337-4B95-A009-491CD752C293}
	EndGlobalSection
EndGlobal
