
Microsoft Visual Studio Solution File, Format Version 12.00
# Visual Studio 15
VisualStudioVersion = 15.0.27428.2002
MinimumVisualStudioVersion = 10.0.40219.1
Project("{FAE04EC0-301F-11D3-BF4B-00C04F79EFBC}") = "Abstract_Interface", "Abstract_Interface\Abstract_Interface.csproj", "{77161DA5-B07A-4048-AA69-51DEAF8BFFCE}"
EndProject
Global
	GlobalSection(SolutionConfigurationPlatforms) = preSolution
		Debug|Any CPU = Debug|Any CPU
		Release|Any CPU = Release|Any CPU
	EndGlobalSection
	GlobalSection(ProjectConfigurationPlatforms) = postSolution
		{77161DA5-B07A-4048-AA69-51DEAF8BFFCE}.Debug|Any CPU.ActiveCfg = Debug|Any CPU
		{77161DA5-B07A-4048-AA69-51DEAF8BFFCE}.Debug|Any CPU.Build.0 = Debug|Any CPU
		{77161DA5-B07A-4048-AA69-51DEAF8BFFCE}.Release|Any CPU.ActiveCfg = Release|Any CPU
		{77161DA5-B07A-4048-AA69-51DEAF8BFFCE}.Release|Any CPU.Build.0 = Release|Any CPU
	EndGlobalSection
	GlobalSection(SolutionProperties) = preSolution
		HideSolutionNode = FALSE
	EndGlobalSection
	GlobalSection(ExtensibilityGlobals) = postSolution
		SolutionGuid = {068DCACF-234E-413D-A302-465067C5F20B}
	EndGlobalSection
EndGlobal
