
Microsoft Visual Studio Solution File, Format Version 12.00
# Visual Studio 15
VisualStudioVersion = 15.0.28010.2026
MinimumVisualStudioVersion = 10.0.40219.1
Project("{FAE04EC0-301F-11D3-BF4B-00C04F79EFBC}") = "MvCMusicStore", "MusicStore\MvCMusicStore.csproj", "{0F1B2899-BF45-489C-B95D-BE2672CA2B03}"
EndProject
Project("{FAE04EC0-301F-11D3-BF4B-00C04F79EFBC}") = "MvcMusicStore.Tests", "MusicStore.Tests\MvcMusicStore.Tests.csproj", "{357D01C2-8E9D-4C27-A658-E9A0086FBF80}"
EndProject
Global
	GlobalSection(SolutionConfigurationPlatforms) = preSolution
		Debug|Any CPU = Debug|Any CPU
		Release|Any CPU = Release|Any CPU
	EndGlobalSection
	GlobalSection(ProjectConfigurationPlatforms) = postSolution
		{0F1B2899-BF45-489C-B95D-BE2672CA2B03}.Debug|Any CPU.ActiveCfg = Debug|Any CPU
		{0F1B2899-BF45-489C-B95D-BE2672CA2B03}.Debug|Any CPU.Build.0 = Debug|Any CPU
		{0F1B2899-BF45-489C-B95D-BE2672CA2B03}.Release|Any CPU.ActiveCfg = Release|Any CPU
		{0F1B2899-BF45-489C-B95D-BE2672CA2B03}.Release|Any CPU.Build.0 = Release|Any CPU
		{357D01C2-8E9D-4C27-A658-E9A0086FBF80}.Debug|Any CPU.ActiveCfg = Debug|Any CPU
		{357D01C2-8E9D-4C27-A658-E9A0086FBF80}.Debug|Any CPU.Build.0 = Debug|Any CPU
		{357D01C2-8E9D-4C27-A658-E9A0086FBF80}.Release|Any CPU.ActiveCfg = Release|Any CPU
		{357D01C2-8E9D-4C27-A658-E9A0086FBF80}.Release|Any CPU.Build.0 = Release|Any CPU
	EndGlobalSection
	GlobalSection(SolutionProperties) = preSolution
		HideSolutionNode = FALSE
	EndGlobalSection
	GlobalSection(ExtensibilityGlobals) = postSolution
		SolutionGuid = {977AC59B-1130-4267-B52C-B694893A8337}
	EndGlobalSection
EndGlobal
