
Microsoft Visual Studio Solution File, Format Version 12.00
# Visual Studio 15
VisualStudioVersion = 15.0.26730.16
MinimumVisualStudioVersion = 10.0.40219.1
Project("{FAE04EC0-301F-11D3-BF4B-00C04F79EFBC}") = "Mass and Weight Application", "Mass and Weight Application\Mass and Weight Application.csproj", "{E1FCBB1D-EBC0-432C-BF3F-48147E5EC52D}"
EndProject
Global
	GlobalSection(SolutionConfigurationPlatforms) = preSolution
		Debug|Any CPU = Debug|Any CPU
		Release|Any CPU = Release|Any CPU
	EndGlobalSection
	GlobalSection(ProjectConfigurationPlatforms) = postSolution
		{E1FCBB1D-EBC0-432C-BF3F-48147E5EC52D}.Debug|Any CPU.ActiveCfg = Debug|Any CPU
		{E1FCBB1D-EBC0-432C-BF3F-48147E5EC52D}.Debug|Any CPU.Build.0 = Debug|Any CPU
		{E1FCBB1D-EBC0-432C-BF3F-48147E5EC52D}.Release|Any CPU.ActiveCfg = Release|Any CPU
		{E1FCBB1D-EBC0-432C-BF3F-48147E5EC52D}.Release|Any CPU.Build.0 = Release|Any CPU
	EndGlobalSection
	GlobalSection(SolutionProperties) = preSolution
		HideSolutionNode = FALSE
	EndGlobalSection
	GlobalSection(ExtensibilityGlobals) = postSolution
		SolutionGuid = {3017EF28-A748-4129-876B-AF129C7A056F}
	EndGlobalSection
EndGlobal
