
Microsoft Visual Studio Solution File, Format Version 12.00
# Visual Studio 15
VisualStudioVersion = 15.0.27703.2026
MinimumVisualStudioVersion = 10.0.40219.1
Project("{FAE04EC0-301F-11D3-BF4B-00C04F79EFBC}") = "TheMineSweeperGame", "TheMineSweeperGame\TheMineSweeperGame.csproj", "{229329CF-5B5D-4818-96BE-AE8D824F4CC9}"
EndProject
Project("{FAE04EC0-301F-11D3-BF4B-00C04F79EFBC}") = "TheMineSweeperGame.Tests", "TheMineSweeperGame.Tests\TheMineSweeperGame.Tests.csproj", "{994A098B-D487-49A4-9225-F1EC25B47C40}"
EndProject
Global
	GlobalSection(SolutionConfigurationPlatforms) = preSolution
		Debug|Any CPU = Debug|Any CPU
		Release|Any CPU = Release|Any CPU
	EndGlobalSection
	GlobalSection(ProjectConfigurationPlatforms) = postSolution
		{229329CF-5B5D-4818-96BE-AE8D824F4CC9}.Debug|Any CPU.ActiveCfg = Debug|Any CPU
		{229329CF-5B5D-4818-96BE-AE8D824F4CC9}.Debug|Any CPU.Build.0 = Debug|Any CPU
		{229329CF-5B5D-4818-96BE-AE8D824F4CC9}.Release|Any CPU.ActiveCfg = Release|Any CPU
		{229329CF-5B5D-4818-96BE-AE8D824F4CC9}.Release|Any CPU.Build.0 = Release|Any CPU
		{994A098B-D487-49A4-9225-F1EC25B47C40}.Debug|Any CPU.ActiveCfg = Debug|Any CPU
		{994A098B-D487-49A4-9225-F1EC25B47C40}.Debug|Any CPU.Build.0 = Debug|Any CPU
		{994A098B-D487-49A4-9225-F1EC25B47C40}.Release|Any CPU.ActiveCfg = Release|Any CPU
		{994A098B-D487-49A4-9225-F1EC25B47C40}.Release|Any CPU.Build.0 = Release|Any CPU
	EndGlobalSection
	GlobalSection(SolutionProperties) = preSolution
		HideSolutionNode = FALSE
	EndGlobalSection
	GlobalSection(ExtensibilityGlobals) = postSolution
		SolutionGuid = {7BC6B8C6-E5DB-4459-A652-DA724DF05621}
	EndGlobalSection
EndGlobal
