
Microsoft Visual Studio Solution File, Format Version 12.00
# Visual Studio 15
VisualStudioVersion = 15.0.26730.16
MinimumVisualStudioVersion = 10.0.40219.1
Project("{FAE04EC0-301F-11D3-BF4B-00C04F79EFBC}") = "Time Zone Application", "Time Zone Application\Time Zone Application.csproj", "{04D36678-C98A-4F49-89D1-B687FAC3D9AE}"
EndProject
Global
	GlobalSection(SolutionConfigurationPlatforms) = preSolution
		Debug|Any CPU = Debug|Any CPU
		Release|Any CPU = Release|Any CPU
	EndGlobalSection
	GlobalSection(ProjectConfigurationPlatforms) = postSolution
		{04D36678-C98A-4F49-89D1-B687FAC3D9AE}.Debug|Any CPU.ActiveCfg = Debug|Any CPU
		{04D36678-C98A-4F49-89D1-B687FAC3D9AE}.Debug|Any CPU.Build.0 = Debug|Any CPU
		{04D36678-C98A-4F49-89D1-B687FAC3D9AE}.Release|Any CPU.ActiveCfg = Release|Any CPU
		{04D36678-C98A-4F49-89D1-B687FAC3D9AE}.Release|Any CPU.Build.0 = Release|Any CPU
	EndGlobalSection
	GlobalSection(SolutionProperties) = preSolution
		HideSolutionNode = FALSE
	EndGlobalSection
	GlobalSection(ExtensibilityGlobals) = postSolution
		SolutionGuid = {42C9FFBF-1B61-45EE-82B4-5361B988DDB6}
	EndGlobalSection
EndGlobal
